
Microsoft Visual Studio Solution File, Format Version 12.00
# Visual Studio Version 16
VisualStudioVersion = 16.0.29509.3
MinimumVisualStudioVersion = 10.0.40219.1
Project("{9A19103F-16F7-4668-BE54-9A1E7A4F7556}") = "ISR", "ISR.csproj", "{7ED82EF3-5572-44E6-8975-8DC1AC49AD63}"
EndProject
Project("{9A19103F-16F7-4668-BE54-9A1E7A4F7556}") = "ISR.CL", "..\ISR.CL\ISR.CL.csproj", "{86E6E34B-83A0-4EDE-AF87-3A62BB12EF68}"
EndProject
Project("{FAE04EC0-301F-11D3-BF4B-00C04F79EFBC}") = "ISR.Tests", "..\ISR.Tests\ISR.Tests.csproj", "{DD05421E-A90F-41AC-BF55-E380D5E2FDA8}"
EndProject
Global
	GlobalSection(SolutionConfigurationPlatforms) = preSolution
		Debug|Any CPU = Debug|Any CPU
		Release|Any CPU = Release|Any CPU
	EndGlobalSection
	GlobalSection(ProjectConfigurationPlatforms) = postSolution
		{7ED82EF3-5572-44E6-8975-8DC1AC49AD63}.Debug|Any CPU.ActiveCfg = Debug|Any CPU
		{7ED82EF3-5572-44E6-8975-8DC1AC49AD63}.Debug|Any CPU.Build.0 = Debug|Any CPU
		{7ED82EF3-5572-44E6-8975-8DC1AC49AD63}.Release|Any CPU.ActiveCfg = Release|Any CPU
		{7ED82EF3-5572-44E6-8975-8DC1AC49AD63}.Release|Any CPU.Build.0 = Release|Any CPU
		{86E6E34B-83A0-4EDE-AF87-3A62BB12EF68}.Debug|Any CPU.ActiveCfg = Debug|Any CPU
		{86E6E34B-83A0-4EDE-AF87-3A62BB12EF68}.Debug|Any CPU.Build.0 = Debug|Any CPU
		{86E6E34B-83A0-4EDE-AF87-3A62BB12EF68}.Release|Any CPU.ActiveCfg = Release|Any CPU
		{86E6E34B-83A0-4EDE-AF87-3A62BB12EF68}.Release|Any CPU.Build.0 = Release|Any CPU
		{DD05421E-A90F-41AC-BF55-E380D5E2FDA8}.Debug|Any CPU.ActiveCfg = Debug|Any CPU
		{DD05421E-A90F-41AC-BF55-E380D5E2FDA8}.Debug|Any CPU.Build.0 = Debug|Any CPU
		{DD05421E-A90F-41AC-BF55-E380D5E2FDA8}.Release|Any CPU.ActiveCfg = Release|Any CPU
		{DD05421E-A90F-41AC-BF55-E380D5E2FDA8}.Release|Any CPU.Build.0 = Release|Any CPU
	EndGlobalSection
	GlobalSection(SolutionProperties) = preSolution
		HideSolutionNode = FALSE
	EndGlobalSection
	GlobalSection(ExtensibilityGlobals) = postSolution
		SolutionGuid = {1282F7EE-1BED-46CB-96C1-9FC2959D690A}
	EndGlobalSection
EndGlobal
